// !$*UTF8*$!
{
	archiveVersion = 1;
	classes = {
	};
	objectVersion = 50;
	objects = {

/* Begin PBXBuildFile section */
		177B290520DB7DB3008AA662 /* AppDelegate.swift in Sources */ = {isa = PBXBuildFile; fileRef = 177B290420DB7DB3008AA662 /* AppDelegate.swift */; };
		177B290720DB7DB3008AA662 /* ViewController.swift in Sources */ = {isa = PBXBuildFile; fileRef = 177B290620DB7DB3008AA662 /* ViewController.swift */; };
		177B290A20DB7DB3008AA662 /* Main.storyboard in Resources */ = {isa = PBXBuildFile; fileRef = 177B290820DB7DB3008AA662 /* Main.storyboard */; };
		177B290C20DB7DB4008AA662 /* Assets.xcassets in Resources */ = {isa = PBXBuildFile; fileRef = 177B290B20DB7DB4008AA662 /* Assets.xcassets */; };
		177B290F20DB7DB4008AA662 /* LaunchScreen.storyboard in Resources */ = {isa = PBXBuildFile; fileRef = 177B290D20DB7DB4008AA662 /* LaunchScreen.storyboard */; };
		177B291720DB8332008AA662 /* QRCode.swift in Sources */ = {isa = PBXBuildFile; fileRef = 177B291620DB8332008AA662 /* QRCode.swift */; };
/* End PBXBuildFile section */

/* Begin PBXFileReference section */
		177B290120DB7DB3008AA662 /* ColorfulQRCode.app */ = {isa = PBXFileReference; explicitFileType = wrapper.application; includeInIndex = 0; path = ColorfulQRCode.app; sourceTree = BUILT_PRODUCTS_DIR; };
		177B290420DB7DB3008AA662 /* AppDelegate.swift */ = {isa = PBXFileReference; lastKnownFileType = sourcecode.swift; path = AppDelegate.swift; sourceTree = "<group>"; };
		177B290620DB7DB3008AA662 /* ViewController.swift */ = {isa = PBXFileReference; lastKnownFileType = sourcecode.swift; path = ViewController.swift; sourceTree = "<group>"; };
		177B290920DB7DB3008AA662 /* Base */ = {isa = PBXFileReference; lastKnownFileType = file.storyboard; name = Base; path = Base.lproj/Main.storyboard; sourceTree = "<group>"; };
		177B290B20DB7DB4008AA662 /* Assets.xcassets */ = {isa = PBXFileReference; lastKnownFileType = folder.assetcatalog; path = Assets.xcassets; sourceTree = "<group>"; };
		177B290E20DB7DB4008AA662 /* Base */ = {isa = PBXFileReference; lastKnownFileType = file.storyboard; name = Base; path = Base.lproj/LaunchScreen.storyboard; sourceTree = "<group>"; };
		177B291020DB7DB4008AA662 /* Info.plist */ = {isa = PBXFileReference; lastKnownFileType = text.plist.xml; path = Info.plist; sourceTree = "<group>"; };
		177B291620DB8332008AA662 /* QRCode.swift */ = {isa = PBXFileReference; lastKnownFileType = sourcecode.swift; path = QRCode.swift; sourceTree = "<group>"; };
/* End PBXFileReference section */

/* Begin PBXFrameworksBuildPhase section */
		177B28FE20DB7DB3008AA662 /* Frameworks */ = {
			isa = PBXFrameworksBuildPhase;
			buildActionMask = 2147483647;
			files = (
			);
			runOnlyForDeploymentPostprocessing = 0;
		};
/* End PBXFrameworksBuildPhase section */

/* Begin PBXGroup section */
		177B28F820DB7DB3008AA662 = {
			isa = PBXGroup;
			children = (
				177B290320DB7DB3008AA662 /* ColorfulQRCode */,
				177B290220DB7DB3008AA662 /* Products */,
			);
			sourceTree = "<group>";
		};
		177B290220DB7DB3008AA662 /* Products */ = {
			isa = PBXGroup;
			children = (
				177B290120DB7DB3008AA662 /* ColorfulQRCode.app */,
			);
			name = Products;
			sourceTree = "<group>";
		};
		177B290320DB7DB3008AA662 /* ColorfulQRCode */ = {
			isa = PBXGroup;
			children = (
				177B290420DB7DB3008AA662 /* AppDelegate.swift */,
				177B290620DB7DB3008AA662 /* ViewController.swift */,
				177B291620DB8332008AA662 /* QRCode.swift */,
				177B290820DB7DB3008AA662 /* Main.storyboard */,
				177B290B20DB7DB4008AA662 /* Assets.xcassets */,
				177B290D20DB7DB4008AA662 /* LaunchScreen.storyboard */,
				177B291020DB7DB4008AA662 /* Info.plist */,
			);
			path = ColorfulQRCode;
			sourceTree = "<group>";
		};
/* End PBXGroup section */

/* Begin PBXNativeTarget section */
		177B290020DB7DB3008AA662 /* ColorfulQRCode */ = {
			isa = PBXNativeTarget;
			buildConfigurationList = 177B291320DB7DB4008AA662 /* Build configuration list for PBXNativeTarget "ColorfulQRCode" */;
			buildPhases = (
				177B28FD20DB7DB3008AA662 /* Sources */,
				177B28FE20DB7DB3008AA662 /* Frameworks */,
				177B28FF20DB7DB3008AA662 /* Resources */,
			);
			buildRules = (
			);
			dependencies = (
			);
			name = ColorfulQRCode;
			productName = ColorfulQRCode;
			productReference = 177B290120DB7DB3008AA662 /* ColorfulQRCode.app */;
			productType = "com.apple.product-type.application";
		};
/* End PBXNativeTarget section */

/* Begin PBXProject section */
		177B28F920DB7DB3008AA662 /* Project object */ = {
			isa = PBXProject;
			attributes = {
				LastSwiftUpdateCheck = 0930;
				LastUpgradeCheck = 0930;
				ORGANIZATIONNAME = DoMobile21;
				TargetAttributes = {
					177B290020DB7DB3008AA662 = {
						CreatedOnToolsVersion = 9.3;
					};
				};
			};
			buildConfigurationList = 177B28FC20DB7DB3008AA662 /* Build configuration list for PBXProject "ColorfulQRCode" */;
			compatibilityVersion = "Xcode 9.3";
			developmentRegion = en;
			hasScannedForEncodings = 0;
			knownRegions = (
				en,
				Base,
			);
			mainGroup = 177B28F820DB7DB3008AA662;
			productRefGroup = 177B290220DB7DB3008AA662 /* Products */;
			projectDirPath = "";
			projectRoot = "";
			targets = (
				177B290020DB7DB3008AA662 /* ColorfulQRCode */,
			);
		};
/* End PBXProject section */

/* Begin PBXResourcesBuildPhase section */
		177B28FF20DB7DB3008AA662 /* Resources */ = {
			isa = PBXResourcesBuildPhase;
			buildActionMask = 2147483647;
			files = (
				177B290F20DB7DB4008AA662 /* LaunchScreen.storyboard in Resources */,
				177B290C20DB7DB4008AA662 /* Assets.xcassets in Resources */,
				177B290A20DB7DB3008AA662 /* Main.storyboard in Resources */,
			);
			runOnlyForDeploymentPostprocessing = 0;
		};
/* End PBXResourcesBuildPhase section */

/* Begin PBXSourcesBuildPhase section */
		177B28FD20DB7DB3008AA662 /* Sources */ = {
			isa = PBXSourcesBuildPhase;
			buildActionMask = 2147483647;
			files = (
				177B290720DB7DB3008AA662 /* ViewController.swift in Sources */,
				177B290520DB7DB3008AA662 /* AppDelegate.swift in Sources */,
				177B291720DB8332008AA662 /* QRCode.swift in Sources */,
			);
			runOnlyForDeploymentPostprocessing = 0;
		};
/* End PBXSourcesBuildPhase section */

/* Begin PBXVariantGroup section */
		177B290820DB7DB3008AA662 /* Main.storyboard */ = {
			isa = PBXVariantGroup;
			children = (
				177B290920DB7DB3008AA662 /* Base */,
			);
			name = Main.storyboard;
			sourceTree = "<group>";
		};
		177B290D20DB7DB4008AA662 /* LaunchScreen.storyboard */ = {
			isa = PBXVariantGroup;
			children = (
				177B290E20DB7DB4008AA662 /* Base */,
			);
			name = LaunchScreen.storyboard;
			sourceTree = "<group>";
		};
/* End PBXVariantGroup section */

/* Begin XCBuildConfiguration section */
		177B291120DB7DB4008AA662 /* Debug */ = {
			isa = XCBuildConfiguration;
			buildSettings = {
				ALWAYS_SEARCH_USER_PATHS = NO;
				CLANG_ANALYZER_NONNULL = YES;
				CLANG_ANALYZER_NUMBER_OBJECT_CONVERSION = YES_AGGRESSIVE;
				CLANG_CXX_LANGUAGE_STANDARD = "gnu++14";
				CLANG_CXX_LIBRARY = "libc++";
				CLANG_ENABLE_MODULES = YES;
				CLANG_ENABLE_OBJC_ARC = YES;
				CLANG_ENABLE_OBJC_WEAK = YES;
				CLANG_WARN_BLOCK_CAPTURE_AUTORELEASING = YES;
				CLANG_WARN_BOOL_CONVERSION = YES;
				CLANG_WARN_COMMA = YES;
				CLANG_WARN_CONSTANT_CONVERSION = YES;
				CLANG_WARN_DEPRECATED_OBJC_IMPLEMENTATIONS = YES;
				CLANG_WARN_DIRECT_OBJC_ISA_USAGE = YES_ERROR;
				CLANG_WARN_DOCUMENTATION_COMMENTS = YES;
				CLANG_WARN_EMPTY_BODY = YES;
				CLANG_WARN_ENUM_CONVERSION = YES;
				CLANG_WARN_INFINITE_RECURSION = YES;
				CLANG_WARN_INT_CONVERSION = YES;
				CLANG_WARN_NON_LITERAL_NULL_CONVERSION = YES;
				CLANG_WARN_OBJC_IMPLICIT_RETAIN_SELF = YES;
				CLANG_WARN_OBJC_LITERAL_CONVERSION = YES;
				CLANG_WARN_OBJC_ROOT_CLASS = YES_ERROR;
				CLANG_WARN_RANGE_LOOP_ANALYSIS = YES;
				CLANG_WARN_STRICT_PROTOTYPES = YES;
				CLANG_WARN_SUSPICIOUS_MOVE = YES;
				CLANG_WARN_UNGUARDED_AVAILABILITY = YES_AGGRESSIVE;
				CLANG_WARN_UNREACHABLE_CODE = YES;
				CLANG_WARN__DUPLICATE_METHOD_MATCH = YES;
				CODE_SIGN_IDENTITY = "iPhone Developer";
				COPY_PHASE_STRIP = NO;
				DEBUG_INFORMATION_FORMAT = dwarf;
				ENABLE_STRICT_OBJC_MSGSEND = YES;
				ENABLE_TESTABILITY = YES;
				GCC_C_LANGUAGE_STANDARD = gnu11;
				GCC_DYNAMIC_NO_PIC = NO;
				GCC_NO_COMMON_BLOCKS = YES;
				GCC_OPTIMIZATION_LEVEL = 0;
				GCC_PREPROCESSOR_DEFINITIONS = (
					"DEBUG=1",
					"$(inherited)",
				);
				GCC_WARN_64_TO_32_BIT_CONVERSION = YES;
				GCC_WARN_ABOUT_RETURN_TYPE = YES_ERROR;
				GCC_WARN_UNDECLARED_SELECTOR = YES;
				GCC_WARN_UNINITIALIZED_AUTOS = YES_AGGRESSIVE;
				GCC_WARN_UNUSED_FUNCTION = YES;
				GCC_WARN_UNUSED_VARIABLE = YES;
				IPHONEOS_DEPLOYMENT_TARGET = 11.3;
				MTL_ENABLE_DEBUG_INFO = YES;
				ONLY_ACTIVE_ARCH = YES;
				SDKROOT = iphoneos;
				SWIFT_ACTIVE_COMPILATION_CONDITIONS = DEBUG;
				SWIFT_OPTIMIZATION_LEVEL = "-Onone";
			};
			name = Debug;
		};
		177B291220DB7DB4008AA662 /* Release */ = {
			isa = XCBuildConfiguration;
			buildSettings = {
				ALWAYS_SEARCH_USER_PATHS = NO;
				CLANG_ANALYZER_NONNULL = YES;
				CLANG_ANALYZER_NUMBER_OBJECT_CONVERSION = YES_AGGRESSIVE;
				CLANG_CXX_LANGUAGE_STANDARD = "gnu++14";
				CLANG_CXX_LIBRARY = "libc++";
				CLANG_ENABLE_MODULES = YES;
				CLANG_ENABLE_OBJC_ARC = YES;
				CLANG_ENABLE_OBJC_WEAK = YES;
				CLANG_WARN_BLOCK_CAPTURE_AUTORELEASING = YES;
				CLANG_WARN_BOOL_CONVERSION = YES;
				CLANG_WARN_COMMA = YES;
				CLANG_WARN_CONSTANT_CONVERSION = YES;
				CLANG_WARN_DEPRECATED_OBJC_IMPLEMENTATIONS = YES;
				CLANG_WARN_DIRECT_OBJC_ISA_USAGE = YES_ERROR;
				CLANG_WARN_DOCUMENTATION_COMMENTS = YES;
				CLANG_WARN_EMPTY_BODY = YES;
				CLANG_WARN_ENUM_CONVERSION = YES;
				CLANG_WARN_INFINITE_RECURSION = YES;
				CLANG_WARN_INT_CONVERSION = YES;
				CLANG_WARN_NON_LITERAL_NULL_CONVERSION = YES;
				CLANG_WARN_OBJC_IMPLICIT_RETAIN_SELF = YES;
				CLANG_WARN_OBJC_LITERAL_CONVERSION = YES;
				CLANG_WARN_OBJC_ROOT_CLASS = YES_ERROR;
				CLANG_WARN_RANGE_LOOP_ANALYSIS = YES;
				CLANG_WARN_STRICT_PROTOTYPES = YES;
				CLANG_WARN_SUSPICIOUS_MOVE = YES;
				CLANG_WARN_UNGUARDED_AVAILABILITY = YES_AGGRESSIVE;
				CLANG_WARN_UNREACHABLE_CODE = YES;
				CLANG_WARN__DUPLICATE_METHOD_MATCH = YES;
				CODE_SIGN_IDENTITY = "iPhone Developer";
				COPY_PHASE_STRIP = NO;
				DEBUG_INFORMATION_FORMAT = "dwarf-with-dsym";
				ENABLE_NS_ASSERTIONS = NO;
				ENABLE_STRICT_OBJC_MSGSEND = YES;
				GCC_C_LANGUAGE_STANDARD = gnu11;
				GCC_NO_COMMON_BLOCKS = YES;
				GCC_WARN_64_TO_32_BIT_CONVERSION = YES;
				GCC_WARN_ABOUT_RETURN_TYPE = YES_ERROR;
				GCC_WARN_UNDECLARED_SELECTOR = YES;
				GCC_WARN_UNINITIALIZED_AUTOS = YES_AGGRESSIVE;
				GCC_WARN_UNUSED_FUNCTION = YES;
				GCC_WARN_UNUSED_VARIABLE = YES;
				IPHONEOS_DEPLOYMENT_TARGET = 11.3;
				MTL_ENABLE_DEBUG_INFO = NO;
				SDKROOT = iphoneos;
				SWIFT_COMPILATION_MODE = wholemodule;
				SWIFT_OPTIMIZATION_LEVEL = "-O";
				VALIDATE_PRODUCT = YES;
			};
			name = Release;
		};
		177B291420DB7DB4008AA662 /* Debug */ = {
			isa = XCBuildConfiguration;
			buildSettings = {
				ASSETCATALOG_COMPILER_APPICON_NAME = AppIcon;
				CODE_SIGN_STYLE = Automatic;
				DEVELOPMENT_TEAM = GRKVA79T4K;
				INFOPLIST_FILE = ColorfulQRCode/Info.plist;
				LD_RUNPATH_SEARCH_PATHS = (
					"$(inherited)",
					"@executable_path/Frameworks",
				);
				PRODUCT_BUNDLE_IDENTIFIER = Domobile.ColorfulQRCode;
				PRODUCT_NAME = "$(TARGET_NAME)";
				SWIFT_VERSION = 4.0;
				TARGETED_DEVICE_FAMILY = "1,2";
			};
			name = Debug;
		};
		177B291520DB7DB4008AA662 /* Release */ = {
			isa = XCBuildConfiguration;
			buildSettings = {
				ASSETCATALOG_COMPILER_APPICON_NAME = AppIcon;
				CODE_SIGN_STYLE = Automatic;
				DEVELOPMENT_TEAM = GRKVA79T4K;
				INFOPLIST_FILE = ColorfulQRCode/Info.plist;
				LD_RUNPATH_SEARCH_PATHS = (
					"$(inherited)",
					"@executable_path/Frameworks",
				);
				PRODUCT_BUNDLE_IDENTIFIER = Domobile.ColorfulQRCode;
				PRODUCT_NAME = "$(TARGET_NAME)";
				SWIFT_VERSION = 4.0;
				TARGETED_DEVICE_FAMILY = "1,2";
			};
			name = Release;
		};
/* End XCBuildConfiguration section */

/* Begin XCConfigurationList section */
		177B28FC20DB7DB3008AA662 /* Build configuration list for PBXProject "ColorfulQRCode" */ = {
			isa = XCConfigurationList;
			buildConfigurations = (
				177B291120DB7DB4008AA662 /* Debug */,
				177B291220DB7DB4008AA662 /* Release */,
			);
			defaultConfigurationIsVisible = 0;
			defaultConfigurationName = Release;
		};
		177B291320DB7DB4008AA662 /* Build configuration list for PBXNativeTarget "ColorfulQRCode" */ = {
			isa = XCConfigurationList;
			buildConfigurations = (
				177B291420DB7DB4008AA662 /* Debug */,
				177B291520DB7DB4008AA662 /* Release */,
			);
			defaultConfigurationIsVisible = 0;
			defaultConfigurationName = Release;
		};
/* End XCConfigurationList section */
	};
	rootObject = 177B28F920DB7DB3008AA662 /* Project object */;
}
